
Microsoft Visual Studio Solution File, Format Version 12.00
# Visual Studio Version 16
VisualStudioVersion = 16.0.32413.511
MinimumVisualStudioVersion = 10.0.40219.1
Project("{FAE04EC0-301F-11D3-BF4B-00C04F79EFBC}") = "WaitAnyApp", "WaitAnyApp.csproj", "{848F19D2-FBA4-4AE8-B94F-A7B90E76183A}"
EndProject
Global
	GlobalSection(SolutionConfigurationPlatforms) = preSolution
		Debug|Any CPU = Debug|Any CPU
		Release|Any CPU = Release|Any CPU
	EndGlobalSection
	GlobalSection(ProjectConfigurationPlatforms) = postSolution
		{848F19D2-FBA4-4AE8-B94F-A7B90E76183A}.Debug|Any CPU.ActiveCfg = Debug|Any CPU
		{848F19D2-FBA4-4AE8-B94F-A7B90E76183A}.Debug|Any CPU.Build.0 = Debug|Any CPU
		{848F19D2-FBA4-4AE8-B94F-A7B90E76183A}.Release|Any CPU.ActiveCfg = Release|Any CPU
		{848F19D2-FBA4-4AE8-B94F-A7B90E76183A}.Release|Any CPU.Build.0 = Release|Any CPU
	EndGlobalSection
	GlobalSection(SolutionProperties) = preSolution
		HideSolutionNode = FALSE
	EndGlobalSection
	GlobalSection(ExtensibilityGlobals) = postSolution
		SolutionGuid = {7015375E-B39B-4512-B443-86B6EBD66466}
	EndGlobalSection
EndGlobal
